DEPENDENCIES
  chef_desktop
    path: .
    metadata: true
  mac
    git: https://github.com/echohack/chef_desktop.git
    revision: 602d71399c07985f7602acb5246e605f98ee26a3
    rel: cookbooks/mac

GRAPH
  build-essential (2.2.4)
  chef_desktop (0.1.0)
    homebrew (>= 0.0.0)
  homebrew (1.13.0)
    build-essential (>= 2.1.2)
  mac (0.0.1)
